hash: 3fe69a61291999aa97d01e9857ced0f93aabdd7d253c7d6c239f0b7ed11ed4ee
updated: 2016-07-16T20:15:26.035691+02:00
imports:
- name: github.com/bobziuchkovski/writ
  version: 08e3f25d8bc677e6dcf7b157614c712622556019
- name: github.com/gorilla/context
  version: aed02d124ae4a0e94fea4541c8effd05bf0c8296
- name: github.com/gorilla/handlers
  version: ee54c7b44cab12289237fb8631314790076e728b
- name: github.com/gorilla/mux
  version: 0eeaf8392f5b04950925b8a69fe70f110fa7cbfc
- name: github.com/lib/pq
  version: ee1442bda7bd1b6a84e913bdb421cb1874ec629d
  subpackages:
  - oid
- name: github.com/mopsalarm/go-pr0gramm
  version: 851a52045e855c424a67afdfa59293f69634bb95
- name: github.com/rcrowley/go-metrics
  version: eeba7bd0dd01ace6e690fa833b3f22aaec29af43
- name: github.com/vistarmedia/go-datadog
  version: d05578420bfaf173df31fc00580f57b904df6222
testImports: []
