github.com/bobziuchkovski/writ v0.8.9 h1:CmGIyXTjqB80xA6Zc6Mo0sFi1nJCNaNPY87Wy2O4Ao8=
github.com/bobziuchkovski/writ v0.8.9/go.mod h1:9Gn0SdqhTzX/Q8WBvJ6tfj/Iw6A6B78wQtpJ2r7Ep0E=
github.com/gorilla/context v1.1.1/go.mod h1:kBGZzfjB9CEq2AlWe17Uuf7NDRt0dE0s8S51q0aT7Yg=
github.com/gorilla/handlers v1.4.0 h1:XulKRWSQK5uChr4pEgSE4Tc/OcmnU9GJuSwdog/tZsA=
github.com/gorilla/handlers v1.4.0/go.mod h1:Qkdc/uu4tH4g6mTK6auzZ766c4CA0Ng8+o/OAirnOIQ=
github.com/gorilla/mux v1.6.2 h1:Pgr17XVTNXAk3q/r4CpKzC5xBM/qW1uVLV+IhRZpIIk=
github.com/gorilla/mux v1.6.2/go.mod h1:1lud6UwP+6orDFRuTfBEV8e9/aOM/c4fVVCaMa2zaAs=
github.com/lib/pq v1.0.0 h1:X5PMW56eZitiTeO7tKzZxFCSpbFZJtkMMooicw2us9A=
github.com/lib/pq v1.0.0/go.mod h1:5WUZQaWbwv1U+lTReE5YruASi9Al49XbQIvNi/34Woo=
github.com/mopsalarm/go-pr0gramm v1.1.0 h1:RmYc+goknYe2SxgaOpYEhxGzf+Yhc4rUj+euziqV5qY=
github.com/mopsalarm/go-pr0gramm v1.1.0/go.mod h1:FwQFzD2qoyElpoLnlJoRiDCVqMnN2ZF4i6epvWzMr2w=
github.com/mopsalarm/pr0gramm-tags v0.0.0-20180302200556-1cc9486e02ed h1:yMCVt2u/M7xFhfQwlzdbXo7EYRTSpWRH6Kt3Agd18Dc=
github.com/mopsalarm/pr0gramm-tags v0.0.0-20180302200556-1cc9486e02ed/go.mod h1:cC8PWoChj5QNQLZ2pL84QkL9HK+stE6lK/rv9Ob8dNk=
github.com/patrickmn/go-cache v2.1.0+incompatible h1:HRMgzkcYKYpi3C8ajMPV8OFXaaRUnok+kx1WdO15EQc=
github.com/patrickmn/go-cache v2.1.0+incompatible/go.mod h1:3Qf8kWWT7OJRJbdiICTKqZju1ZixQ/KpMGzzAfe6+WQ=
github.com/rcrowley/go-metrics v0.0.0-20180503174638-e2704e165165 h1:nkcn14uNmFEuGCb2mBZbBb24RdNRL08b/wb+xBOYpuk=
github.com/rcrowley/go-metrics v0.0.0-20180503174638-e2704e165165/go.mod h1:bCqnVzQkZxMG4s8nGwiZ5l3QUCyqpo9Y+/ZMZ9VjZe4=
github.com/sirupsen/logrus v1.0.6 h1:hcP1GmhGigz/O7h1WVUM5KklBp1JoNS9FggWKdj/j3s=
github.com/sirupsen/logrus v1.0.6/go.mod h1:pMByvHTf9Beacp5x1UXfOR9xyW/9antXMhjMPG0dEzc=
github.com/vistarmedia/go-datadog v0.0.0-20151209182321-d05578420bfa h1:RbSdetR9AZaHumwDXjwEckqZTkxqFG0RCoAA2RDdQMU=
github.com/vistarmedia/go-datadog v0.0.0-20151209182321-d05578420bfa/go.mod h1:722ZtQ1b5AI6NJ4vsM9RSS9iuE7ITGq+bwVs9uxuqqE=
golang.org/x/crypto v0.0.0-20180904163835-0709b304e793 h1:u+LnwYTOOW7Ukr/fppxEb1Nwz0AtPflrblfvUudpo+I=
golang.org/x/crypto v0.0.0-20180904163835-0709b304e793/go.mod h1:6SG95UA2DQfeDnfUPMdvaQW0Q7yPrPDi9nlGo2tz2b4=
golang.org/x/sys v0.0.0-20180905080454-ebe1bf3edb33 h1:I6FyU15t786LL7oL/hn43zqTuEGr4PN7F4XJ1p4E3Y8=
golang.org/x/sys v0.0.0-20180905080454-ebe1bf3edb33/go.mod h1:STP8DvDyc/dI5b8T5hshtkjS+E42TnysNCUPdjciGhY=
